
Microsoft Visual Studio Solution File, Format Version 12.00
# Visual Studio Version 17
VisualStudioVersion = 17.7.34221.43
MinimumVisualStudioVersion = 10.0.40219.1
Project("{54A90642-561A-4BB1-A94E-469ADEE60C69}") = "Travel-Agency-Web", "Travel-Agency-Web\Travel-Agency-Web.esproj", "{7F533533-4476-451D-9A97-04F777C1B485}"
EndProject
Global
	GlobalSection(SolutionConfigurationPlatforms) = preSolution
		Debug|Any CPU = Debug|Any CPU
		Release|Any CPU = Release|Any CPU
	EndGlobalSection
	GlobalSection(ProjectConfigurationPlatforms) = postSolution
		{7F533533-4476-451D-9A97-04F777C1B485}.Debug|Any CPU.ActiveCfg = Debug|Any CPU
		{7F533533-4476-451D-9A97-04F777C1B485}.Debug|Any CPU.Build.0 = Debug|Any CPU
		{7F533533-4476-451D-9A97-04F777C1B485}.Debug|Any CPU.Deploy.0 = Debug|Any CPU
		{7F533533-4476-451D-9A97-04F777C1B485}.Release|Any CPU.ActiveCfg = Release|Any CPU
		{7F533533-4476-451D-9A97-04F777C1B485}.Release|Any CPU.Build.0 = Release|Any CPU
		{7F533533-4476-451D-9A97-04F777C1B485}.Release|Any CPU.Deploy.0 = Release|Any CPU
	EndGlobalSection
	GlobalSection(SolutionProperties) = preSolution
		HideSolutionNode = FALSE
	EndGlobalSection
	GlobalSection(ExtensibilityGlobals) = postSolution
		SolutionGuid = {2E31A127-DB2C-4003-9E23-E022B22E2044}
	EndGlobalSection
EndGlobal
